Microsoft Visual Studio Solution File, Format Version 12.00
# Visual Studio Version 17
VisualStudioVersion = 17.9.34728.123
MinimumVisualStudioVersion = 10.0.40219.1
Project("{FAE04EC0-301F-11D3-BF4B-00C04F79EFBC}") = "EncryptData", "EncryptData.csproj", "{4FE7FA8D-F884-47D7-9602-094DBCF4EFDB}"
EndProject
Global
	GlobalSection(SolutionConfigurationPlatforms) = preSolution
		Debug|Any CPU = Debug|Any CPU
		Release|Any CPU = Release|Any CPU
	EndGlobalSection
	GlobalSection(ProjectConfigurationPlatforms) = postSolution
		{4FE7FA8D-F884-47D7-9602-094DBCF4EFDB}.Debug|Any CPU.ActiveCfg = Debug|Any CPU
		{4FE7FA8D-F884-47D7-9602-094DBCF4EFDB}.Debug|Any CPU.Build.0 = Debug|Any CPU
		{4FE7FA8D-F884-47D7-9602-094DBCF4EFDB}.Release|Any CPU.ActiveCfg = Release|Any CPU
		{4FE7FA8D-F884-47D7-9602-094DBCF4EFDB}.Release|Any CPU.Build.0 = Release|Any CPU
	EndGlobalSection
	GlobalSection(SolutionProperties) = preSolution
		HideSolutionNode = FALSE
	EndGlobalSection
	GlobalSection(ExtensibilityGlobals) = postSolution
		SolutionGuid = {946B6EF2-0D46-4789-9512-6A27372FC768}
	EndGlobalSection
EndGlobal
